
Microsoft Visual Studio Solution File, Format Version 12.00
# Visual Studio Version 16
VisualStudioVersion = 16.0.32802.440
MinimumVisualStudioVersion = 10.0.40219.1
Project("{FAE04EC0-301F-11D3-BF4B-00C04F79EFBC}") = "IndiaMirror", "IndiaMirror\IndiaMirror.csproj", "{93809B11-D8DC-4BF9-8B56-62C6D16F3222}"
EndProject
Global
	GlobalSection(SolutionConfigurationPlatforms) = preSolution
		Debug|Any CPU = Debug|Any CPU
		Release|Any CPU = Release|Any CPU
	EndGlobalSection
	GlobalSection(ProjectConfigurationPlatforms) = postSolution
		{93809B11-D8DC-4BF9-8B56-62C6D16F3222}.Debug|Any CPU.ActiveCfg = Debug|Any CPU
		{93809B11-D8DC-4BF9-8B56-62C6D16F3222}.Debug|Any CPU.Build.0 = Debug|Any CPU
		{93809B11-D8DC-4BF9-8B56-62C6D16F3222}.Release|Any CPU.ActiveCfg = Release|Any CPU
		{93809B11-D8DC-4BF9-8B56-62C6D16F3222}.Release|Any CPU.Build.0 = Release|Any CPU
	EndGlobalSection
	GlobalSection(SolutionProperties) = preSolution
		HideSolutionNode = FALSE
	EndGlobalSection
	GlobalSection(ExtensibilityGlobals) = postSolution
		SolutionGuid = {D8793E97-D547-42C6-9290-FECE48CFC34D}
	EndGlobalSection
EndGlobal
